
Microsoft Visual Studio Solution File, Format Version 12.00
# Visual Studio Version 17
VisualStudioVersion = 17.11.35312.102
MinimumVisualStudioVersion = 10.0.40219.1
Project("{2150E333-8FDC-42A3-9474-1A3956D46DE8}") = "TaskReview", "TaskReview", "{BBB5EFD4-AB66-42C8-8BC5-AD7F7FCC63B5}"
EndProject
Project("{9A19103F-16F7-4668-BE54-9A1E7A4F7556}") = "Tyuiu.BlagihIA.Sprint0.TaskReview.V0", "Tyuiu.BlagihIA.Sprint0.TaskReview.V0\Tyuiu.BlagihIA.Sprint0.TaskReview.V0.csproj", "{47D31706-22D1-413C-9F1A-30F469D08950}"
EndProject
Project("{9A19103F-16F7-4668-BE54-9A1E7A4F7556}") = "Tyuiu.BlagihIA.Sprint0.TaskReview.V0.Lib", "Tyuiu.BlagihIA.Sprint0.TaskReview.V0.Lib\Tyuiu.BlagihIA.Sprint0.TaskReview.V0.Lib.csproj", "{D960549E-147C-4912-9A8D-FA7087FC0AEF}"
EndProject
Project("{9A19103F-16F7-4668-BE54-9A1E7A4F7556}") = "Tyuiu.BlagihIA.Sprint0.TaskReview.V0.Test", "Tyuiu.BlagihIA.Sprint0.TaskReview.V0.Test\Tyuiu.BlagihIA.Sprint0.TaskReview.V0.Test.csproj", "{D4DA1D47-2387-4110-A230-5B6A02A484F4}"
EndProject
Project("{2150E333-8FDC-42A3-9474-1A3956D46DE8}") = "TaskReviewSprint1.V4", "TaskReviewSprint1.V4", "{FDFB9723-AB91-472E-9EC7-162A6000E785}"
EndProject
Project("{9A19103F-16F7-4668-BE54-9A1E7A4F7556}") = "Tyuiu.BlagihIA.Sprint1.TaskReview.V4", "Tyuiu.BlagihIA.Sprint1.TaskReview.V4\Tyuiu.BlagihIA.Sprint1.TaskReview.V4.csproj", "{5A6017EF-C704-4DBF-8415-27C2700DB652}"
EndProject
Project("{9A19103F-16F7-4668-BE54-9A1E7A4F7556}") = "Tyuiu.BlagihIA.Sprint1.TaskReview.V4.Lib", "Tyuiu.BlagihIA.Sprint1.TaskReview.V4.Lib\Tyuiu.BlagihIA.Sprint1.TaskReview.V4.Lib.csproj", "{B1A0FEF2-D16D-4CD7-AA25-DB2422ABCB1B}"
EndProject
Project("{9A19103F-16F7-4668-BE54-9A1E7A4F7556}") = "Tyuiu.BlagihIA.Sprint1.TaskReview.V4.Test", "Tyuiu.BlagihIA.Sprint1.TaskReview.V4.Test\Tyuiu.BlagihIA.Sprint1.TaskReview.V4.Test.csproj", "{5B9514A8-266E-4D4E-9F55-879F6B6E8B8D}"
EndProject
Project("{2150E333-8FDC-42A3-9474-1A3956D46DE8}") = "TaskReviewSprint2.V4", "TaskReviewSprint2.V4", "{47C2FCBE-38FE-4C71-873B-422D90D2B3FC}"
EndProject
Project("{9A19103F-16F7-4668-BE54-9A1E7A4F7556}") = "Tyuiu.BlagihIA.Sprint2.TaskReview.V4", "Tyuiu.BlagihIA.Sprint2.TaskReview.V4\Tyuiu.BlagihIA.Sprint2.TaskReview.V4.csproj", "{02A7458B-7691-4F2C-B9EE-ABF5483B5904}"
EndProject
Project("{9A19103F-16F7-4668-BE54-9A1E7A4F7556}") = "Tyuiu.BlagihIA.Sprint2.TaskReview.V4.Lib", "Tyuiu.BlagihIA.Sprint2.TaskReview.V4.Lib\Tyuiu.BlagihIA.Sprint2.TaskReview.V4.Lib.csproj", "{D41580DB-59FC-409A-91BA-D1907B57E21C}"
EndProject
Project("{9A19103F-16F7-4668-BE54-9A1E7A4F7556}") = "Tyuiu.BlagihIA.Sprint2.TaskReview.V4.Test", "Tyuiu.BlagihIA.Sprint2.TaskReview.V4.Test\Tyuiu.BlagihIA.Sprint2.TaskReview.V4.Test.csproj", "{B14B87C3-834D-416C-9D9C-22FE324828C8}"
EndProject
Project("{2150E333-8FDC-42A3-9474-1A3956D46DE8}") = "TaskReviewSprint3.V4", "TaskReviewSprint3.V4", "{2BB4E28F-F651-40A2-9A09-E5602342188D}"
EndProject
Project("{9A19103F-16F7-4668-BE54-9A1E7A4F7556}") = "Tyuiu.BlagihIA.Sprint3.TaskReview.V4", "Tyuiu.BlagihIA.Sprint3.TaskReview.V4\Tyuiu.BlagihIA.Sprint3.TaskReview.V4.csproj", "{0C0C20E3-0D86-4C86-928F-E581FC2CEBF4}"
EndProject
Project("{9A19103F-16F7-4668-BE54-9A1E7A4F7556}") = "Tyuiu.BlagihIA.Sprint3.TaskReview.V4.Lib", "Tyuiu.BlagihIA.Sprint3.TaskReview.V4.Lib\Tyuiu.BlagihIA.Sprint3.TaskReview.V4.Lib.csproj", "{46C73C9C-58B1-4765-ADB2-CABD35BBFEDC}"
EndProject
Project("{9A19103F-16F7-4668-BE54-9A1E7A4F7556}") = "Tyuiu.BlagihIA.Sprint3.TaskReview.V4.Test", "Tyuiu.BlagihIA.Sprint3.TaskReview.V4.Test\Tyuiu.BlagihIA.Sprint3.TaskReview.V4.Test.csproj", "{E156AC5D-191B-492C-8D44-C251E4155A84}"
EndProject
Project("{2150E333-8FDC-42A3-9474-1A3956D46DE8}") = "TaskReviewSprint4.V4", "TaskReviewSprint4.V4", "{93DFFFC0-44FC-438D-9771-3F85C0B93FB6}"
EndProject
Project("{9A19103F-16F7-4668-BE54-9A1E7A4F7556}") = "Tyuiu.BlagihIA.Sprint4.TaskReview.V4", "Tyuiu.BlagihIA.Sprint4.TaskReview.V4\Tyuiu.BlagihIA.Sprint4.TaskReview.V4.csproj", "{519D5D0C-9D8A-4C04-BD23-A601C18BC8FA}"
EndProject
Project("{9A19103F-16F7-4668-BE54-9A1E7A4F7556}") = "Tyuiu.BlagihIA.Sprint4.TaskReview.V4.Lib", "Tyuiu.BlagihIA.Sprint4.TaskReview.V4.Lib\Tyuiu.BlagihIA.Sprint4.TaskReview.V4.Lib.csproj", "{19447A82-CF74-444B-920B-B635B4E99CE8}"
EndProject
Project("{9A19103F-16F7-4668-BE54-9A1E7A4F7556}") = "Tyuiu.BlagihIA.Sprint4.TaskReview.V4.Test", "Tyuiu.BlagihIA.Sprint4.TaskReview.V4.Test\Tyuiu.BlagihIA.Sprint4.TaskReview.V4.Test.csproj", "{7E8F4558-FD3A-4CC3-B294-3E4465B799DE}"
EndProject
Project("{2150E333-8FDC-42A3-9474-1A3956D46DE8}") = "TaskReviewSprint5.V4", "TaskReviewSprint5.V4", "{F670303E-B577-4219-AB92-56FD7F2C11D2}"
EndProject
Project("{9A19103F-16F7-4668-BE54-9A1E7A4F7556}") = "Tyuiu.BlagihIA.Sprint5.TaskReview.V4", "Tyuiu.BlagihIA.Sprint5.TaskReview.V4\Tyuiu.BlagihIA.Sprint5.TaskReview.V4.csproj", "{030E7789-0F6C-4CC9-B168-F0FC33BB723B}"
EndProject
Project("{9A19103F-16F7-4668-BE54-9A1E7A4F7556}") = "Tyuiu.BlagihIA.Sprint5.TaskReview.V4.Lib", "Tyuiu.BlagihIA.Sprint5.TaskReview.V4.Lib\Tyuiu.BlagihIA.Sprint5.TaskReview.V4.Lib.csproj", "{8D175015-87AD-4FA1-BA1E-D6AD0FF7A39B}"
EndProject
Project("{9A19103F-16F7-4668-BE54-9A1E7A4F7556}") = "Tyuiu.BlagihIA.Sprint5.TaskReview.V4.Test", "Tyuiu.BlagihIA.Sprint5.TaskReview.V4.Test\Tyuiu.BlagihIA.Sprint5.TaskReview.V4.Test.csproj", "{4A0CC530-914B-4CB5-BBD6-2625E1357C77}"
EndProject
Project("{2150E333-8FDC-42A3-9474-1A3956D46DE8}") = "TaskReviewSprint6.V4", "TaskReviewSprint6.V4", "{E77391EF-D3B2-4203-824B-110397FAB99D}"
EndProject
Project("{FAE04EC0-301F-11D3-BF4B-00C04F79EFBC}") = "Tyuiu.BlagihIA.Sprint6.TaskReview.V4.Lib", "Tyuiu.BlagihIA.Sprint6.TaskReview.V4.Lib\Tyuiu.BlagihIA.Sprint6.TaskReview.V4.Lib.csproj", "{42EDCB19-340F-45E7-9B5C-BC105AF6B5B6}"
EndProject
Project("{FAE04EC0-301F-11D3-BF4B-00C04F79EFBC}") = "Tyuiu.BlagihIA.Sprint6.TaskReview.V4.Test", "Tyuiu.BlagihIA.Sprint6.TaskReview.V4.Test\Tyuiu.BlagihIA.Sprint6.TaskReview.V4.Test.csproj", "{231FF553-C7CE-4DB0-B368-7C491594422A}"
EndProject
Project("{FAE04EC0-301F-11D3-BF4B-00C04F79EFBC}") = "Tyuiu.BlagihIA.Sprint6.TaskReview.V4", "Tyuiu.BlagihIA.Sprint6.TaskReview.V4\Tyuiu.BlagihIA.Sprint6.TaskReview.V4.csproj", "{D18A7567-3CEB-4195-8842-04E94E20F119}"
EndProject
Global
	GlobalSection(SolutionConfigurationPlatforms) = preSolution
		Debug|Any CPU = Debug|Any CPU
		Release|Any CPU = Release|Any CPU
	EndGlobalSection
	GlobalSection(ProjectConfigurationPlatforms) = postSolution
		{47D31706-22D1-413C-9F1A-30F469D08950}.Debug|Any CPU.ActiveCfg = Debug|Any CPU
		{47D31706-22D1-413C-9F1A-30F469D08950}.Debug|Any CPU.Build.0 = Debug|Any CPU
		{47D31706-22D1-413C-9F1A-30F469D08950}.Release|Any CPU.ActiveCfg = Release|Any CPU
		{47D31706-22D1-413C-9F1A-30F469D08950}.Release|Any CPU.Build.0 = Release|Any CPU
		{D960549E-147C-4912-9A8D-FA7087FC0AEF}.Debug|Any CPU.ActiveCfg = Debug|Any CPU
		{D960549E-147C-4912-9A8D-FA7087FC0AEF}.Debug|Any CPU.Build.0 = Debug|Any CPU
		{D960549E-147C-4912-9A8D-FA7087FC0AEF}.Release|Any CPU.ActiveCfg = Release|Any CPU
		{D960549E-147C-4912-9A8D-FA7087FC0AEF}.Release|Any CPU.Build.0 = Release|Any CPU
		{D4DA1D47-2387-4110-A230-5B6A02A484F4}.Debug|Any CPU.ActiveCfg = Debug|Any CPU
		{D4DA1D47-2387-4110-A230-5B6A02A484F4}.Debug|Any CPU.Build.0 = Debug|Any CPU
		{D4DA1D47-2387-4110-A230-5B6A02A484F4}.Release|Any CPU.ActiveCfg = Release|Any CPU
		{D4DA1D47-2387-4110-A230-5B6A02A484F4}.Release|Any CPU.Build.0 = Release|Any CPU
		{5A6017EF-C704-4DBF-8415-27C2700DB652}.Debug|Any CPU.ActiveCfg = Debug|Any CPU
		{5A6017EF-C704-4DBF-8415-27C2700DB652}.Debug|Any CPU.Build.0 = Debug|Any CPU
		{5A6017EF-C704-4DBF-8415-27C2700DB652}.Release|Any CPU.ActiveCfg = Release|Any CPU
		{5A6017EF-C704-4DBF-8415-27C2700DB652}.Release|Any CPU.Build.0 = Release|Any CPU
		{B1A0FEF2-D16D-4CD7-AA25-DB2422ABCB1B}.Debug|Any CPU.ActiveCfg = Debug|Any CPU
		{B1A0FEF2-D16D-4CD7-AA25-DB2422ABCB1B}.Debug|Any CPU.Build.0 = Debug|Any CPU
		{B1A0FEF2-D16D-4CD7-AA25-DB2422ABCB1B}.Release|Any CPU.ActiveCfg = Release|Any CPU
		{B1A0FEF2-D16D-4CD7-AA25-DB2422ABCB1B}.Release|Any CPU.Build.0 = Release|Any CPU
		{5B9514A8-266E-4D4E-9F55-879F6B6E8B8D}.Debug|Any CPU.ActiveCfg = Debug|Any CPU
		{5B9514A8-266E-4D4E-9F55-879F6B6E8B8D}.Debug|Any CPU.Build.0 = Debug|Any CPU
		{5B9514A8-266E-4D4E-9F55-879F6B6E8B8D}.Release|Any CPU.ActiveCfg = Release|Any CPU
		{5B9514A8-266E-4D4E-9F55-879F6B6E8B8D}.Release|Any CPU.Build.0 = Release|Any CPU
		{02A7458B-7691-4F2C-B9EE-ABF5483B5904}.Debug|Any CPU.ActiveCfg = Debug|Any CPU
		{02A7458B-7691-4F2C-B9EE-ABF5483B5904}.Debug|Any CPU.Build.0 = Debug|Any CPU
		{02A7458B-7691-4F2C-B9EE-ABF5483B5904}.Release|Any CPU.ActiveCfg = Release|Any CPU
		{02A7458B-7691-4F2C-B9EE-ABF5483B5904}.Release|Any CPU.Build.0 = Release|Any CPU
		{D41580DB-59FC-409A-91BA-D1907B57E21C}.Debug|Any CPU.ActiveCfg = Debug|Any CPU
		{D41580DB-59FC-409A-91BA-D1907B57E21C}.Debug|Any CPU.Build.0 = Debug|Any CPU
		{D41580DB-59FC-409A-91BA-D1907B57E21C}.Release|Any CPU.ActiveCfg = Release|Any CPU
		{D41580DB-59FC-409A-91BA-D1907B57E21C}.Release|Any CPU.Build.0 = Release|Any CPU
		{B14B87C3-834D-416C-9D9C-22FE324828C8}.Debug|Any CPU.ActiveCfg = Debug|Any CPU
		{B14B87C3-834D-416C-9D9C-22FE324828C8}.Debug|Any CPU.Build.0 = Debug|Any CPU
		{B14B87C3-834D-416C-9D9C-22FE324828C8}.Release|Any CPU.ActiveCfg = Release|Any CPU
		{B14B87C3-834D-416C-9D9C-22FE324828C8}.Release|Any CPU.Build.0 = Release|Any CPU
		{0C0C20E3-0D86-4C86-928F-E581FC2CEBF4}.Debug|Any CPU.ActiveCfg = Debug|Any CPU
		{0C0C20E3-0D86-4C86-928F-E581FC2CEBF4}.Debug|Any CPU.Build.0 = Debug|Any CPU
		{0C0C20E3-0D86-4C86-928F-E581FC2CEBF4}.Release|Any CPU.ActiveCfg = Release|Any CPU
		{0C0C20E3-0D86-4C86-928F-E581FC2CEBF4}.Release|Any CPU.Build.0 = Release|Any CPU
		{46C73C9C-58B1-4765-ADB2-CABD35BBFEDC}.Debug|Any CPU.ActiveCfg = Debug|Any CPU
		{46C73C9C-58B1-4765-ADB2-CABD35BBFEDC}.Debug|Any CPU.Build.0 = Debug|Any CPU
		{46C73C9C-58B1-4765-ADB2-CABD35BBFEDC}.Release|Any CPU.ActiveCfg = Release|Any CPU
		{46C73C9C-58B1-4765-ADB2-CABD35BBFEDC}.Release|Any CPU.Build.0 = Release|Any CPU
		{E156AC5D-191B-492C-8D44-C251E4155A84}.Debug|Any CPU.ActiveCfg = Debug|Any CPU
		{E156AC5D-191B-492C-8D44-C251E4155A84}.Debug|Any CPU.Build.0 = Debug|Any CPU
		{E156AC5D-191B-492C-8D44-C251E4155A84}.Release|Any CPU.ActiveCfg = Release|Any CPU
		{E156AC5D-191B-492C-8D44-C251E4155A84}.Release|Any CPU.Build.0 = Release|Any CPU
		{519D5D0C-9D8A-4C04-BD23-A601C18BC8FA}.Debug|Any CPU.ActiveCfg = Debug|Any CPU
		{519D5D0C-9D8A-4C04-BD23-A601C18BC8FA}.Debug|Any CPU.Build.0 = Debug|Any CPU
		{519D5D0C-9D8A-4C04-BD23-A601C18BC8FA}.Release|Any CPU.ActiveCfg = Release|Any CPU
		{519D5D0C-9D8A-4C04-BD23-A601C18BC8FA}.Release|Any CPU.Build.0 = Release|Any CPU
		{19447A82-CF74-444B-920B-B635B4E99CE8}.Debug|Any CPU.ActiveCfg = Debug|Any CPU
		{19447A82-CF74-444B-920B-B635B4E99CE8}.Debug|Any CPU.Build.0 = Debug|Any CPU
		{19447A82-CF74-444B-920B-B635B4E99CE8}.Release|Any CPU.ActiveCfg = Release|Any CPU
		{19447A82-CF74-444B-920B-B635B4E99CE8}.Release|Any CPU.Build.0 = Release|Any CPU
		{7E8F4558-FD3A-4CC3-B294-3E4465B799DE}.Debug|Any CPU.ActiveCfg = Debug|Any CPU
		{7E8F4558-FD3A-4CC3-B294-3E4465B799DE}.Debug|Any CPU.Build.0 = Debug|Any CPU
		{7E8F4558-FD3A-4CC3-B294-3E4465B799DE}.Release|Any CPU.ActiveCfg = Release|Any CPU
		{7E8F4558-FD3A-4CC3-B294-3E4465B799DE}.Release|Any CPU.Build.0 = Release|Any CPU
		{030E7789-0F6C-4CC9-B168-F0FC33BB723B}.Debug|Any CPU.ActiveCfg = Debug|Any CPU
		{030E7789-0F6C-4CC9-B168-F0FC33BB723B}.Debug|Any CPU.Build.0 = Debug|Any CPU
		{030E7789-0F6C-4CC9-B168-F0FC33BB723B}.Release|Any CPU.ActiveCfg = Release|Any CPU
		{030E7789-0F6C-4CC9-B168-F0FC33BB723B}.Release|Any CPU.Build.0 = Release|Any CPU
		{8D175015-87AD-4FA1-BA1E-D6AD0FF7A39B}.Debug|Any CPU.ActiveCfg = Debug|Any CPU
		{8D175015-87AD-4FA1-BA1E-D6AD0FF7A39B}.Debug|Any CPU.Build.0 = Debug|Any CPU
		{8D175015-87AD-4FA1-BA1E-D6AD0FF7A39B}.Release|Any CPU.ActiveCfg = Release|Any CPU
		{8D175015-87AD-4FA1-BA1E-D6AD0FF7A39B}.Release|Any CPU.Build.0 = Release|Any CPU
		{4A0CC530-914B-4CB5-BBD6-2625E1357C77}.Debug|Any CPU.ActiveCfg = Debug|Any CPU
		{4A0CC530-914B-4CB5-BBD6-2625E1357C77}.Debug|Any CPU.Build.0 = Debug|Any CPU
		{4A0CC530-914B-4CB5-BBD6-2625E1357C77}.Release|Any CPU.ActiveCfg = Release|Any CPU
		{4A0CC530-914B-4CB5-BBD6-2625E1357C77}.Release|Any CPU.Build.0 = Release|Any CPU
		{42EDCB19-340F-45E7-9B5C-BC105AF6B5B6}.Debug|Any CPU.ActiveCfg = Debug|Any CPU
		{42EDCB19-340F-45E7-9B5C-BC105AF6B5B6}.Debug|Any CPU.Build.0 = Debug|Any CPU
		{42EDCB19-340F-45E7-9B5C-BC105AF6B5B6}.Release|Any CPU.ActiveCfg = Release|Any CPU
		{42EDCB19-340F-45E7-9B5C-BC105AF6B5B6}.Release|Any CPU.Build.0 = Release|Any CPU
		{231FF553-C7CE-4DB0-B368-7C491594422A}.Debug|Any CPU.ActiveCfg = Debug|Any CPU
		{231FF553-C7CE-4DB0-B368-7C491594422A}.Debug|Any CPU.Build.0 = Debug|Any CPU
		{231FF553-C7CE-4DB0-B368-7C491594422A}.Release|Any CPU.ActiveCfg = Release|Any CPU
		{231FF553-C7CE-4DB0-B368-7C491594422A}.Release|Any CPU.Build.0 = Release|Any CPU
		{D18A7567-3CEB-4195-8842-04E94E20F119}.Debug|Any CPU.ActiveCfg = Debug|Any CPU
		{D18A7567-3CEB-4195-8842-04E94E20F119}.Debug|Any CPU.Build.0 = Debug|Any CPU
		{D18A7567-3CEB-4195-8842-04E94E20F119}.Release|Any CPU.ActiveCfg = Release|Any CPU
		{D18A7567-3CEB-4195-8842-04E94E20F119}.Release|Any CPU.Build.0 = Release|Any CPU
	EndGlobalSection
	GlobalSection(SolutionProperties) = preSolution
		HideSolutionNode = FALSE
	EndGlobalSection
	GlobalSection(NestedProjects) = preSolution
		{47D31706-22D1-413C-9F1A-30F469D08950} = {BBB5EFD4-AB66-42C8-8BC5-AD7F7FCC63B5}
		{D960549E-147C-4912-9A8D-FA7087FC0AEF} = {BBB5EFD4-AB66-42C8-8BC5-AD7F7FCC63B5}
		{D4DA1D47-2387-4110-A230-5B6A02A484F4} = {BBB5EFD4-AB66-42C8-8BC5-AD7F7FCC63B5}
		{5A6017EF-C704-4DBF-8415-27C2700DB652} = {FDFB9723-AB91-472E-9EC7-162A6000E785}
		{B1A0FEF2-D16D-4CD7-AA25-DB2422ABCB1B} = {FDFB9723-AB91-472E-9EC7-162A6000E785}
		{5B9514A8-266E-4D4E-9F55-879F6B6E8B8D} = {FDFB9723-AB91-472E-9EC7-162A6000E785}
		{02A7458B-7691-4F2C-B9EE-ABF5483B5904} = {47C2FCBE-38FE-4C71-873B-422D90D2B3FC}
		{D41580DB-59FC-409A-91BA-D1907B57E21C} = {47C2FCBE-38FE-4C71-873B-422D90D2B3FC}
		{B14B87C3-834D-416C-9D9C-22FE324828C8} = {47C2FCBE-38FE-4C71-873B-422D90D2B3FC}
		{0C0C20E3-0D86-4C86-928F-E581FC2CEBF4} = {2BB4E28F-F651-40A2-9A09-E5602342188D}
		{46C73C9C-58B1-4765-ADB2-CABD35BBFEDC} = {2BB4E28F-F651-40A2-9A09-E5602342188D}
		{E156AC5D-191B-492C-8D44-C251E4155A84} = {2BB4E28F-F651-40A2-9A09-E5602342188D}
		{519D5D0C-9D8A-4C04-BD23-A601C18BC8FA} = {93DFFFC0-44FC-438D-9771-3F85C0B93FB6}
		{19447A82-CF74-444B-920B-B635B4E99CE8} = {93DFFFC0-44FC-438D-9771-3F85C0B93FB6}
		{7E8F4558-FD3A-4CC3-B294-3E4465B799DE} = {93DFFFC0-44FC-438D-9771-3F85C0B93FB6}
		{030E7789-0F6C-4CC9-B168-F0FC33BB723B} = {F670303E-B577-4219-AB92-56FD7F2C11D2}
		{8D175015-87AD-4FA1-BA1E-D6AD0FF7A39B} = {F670303E-B577-4219-AB92-56FD7F2C11D2}
		{4A0CC530-914B-4CB5-BBD6-2625E1357C77} = {F670303E-B577-4219-AB92-56FD7F2C11D2}
		{42EDCB19-340F-45E7-9B5C-BC105AF6B5B6} = {E77391EF-D3B2-4203-824B-110397FAB99D}
		{231FF553-C7CE-4DB0-B368-7C491594422A} = {E77391EF-D3B2-4203-824B-110397FAB99D}
		{D18A7567-3CEB-4195-8842-04E94E20F119} = {E77391EF-D3B2-4203-824B-110397FAB99D}
	EndGlobalSection
	GlobalSection(ExtensibilityGlobals) = postSolution
		SolutionGuid = {EC78983A-9E7D-4D54-BE6F-D9AE1E9CB843}
	EndGlobalSection
EndGlobal
